{
  "name": "sourcesyncjs",
  "version": "0.0.2",
  "lockfileVersion": 2,
  "requires": true,
  "packages": {
    "": {
      "name": "sourcesyncjs",
      "version": "0.0.2",
      "license": "MIT",
      "dependencies": {
        "debug": "^4.3.4",
        "diff": "^5.1.0",
        "lightningcss": "^1.21.5",
        "source-map": "^0.7.4"
      },
      "bin": {
        "sourcesync": "bin/cli.js"
      },
      "devDependencies": {
        "typescript": "^5.0.2"
      }
    },
    "node_modules/debug": {
      "version": "4.3.4",
      "resolved": "https://registry.npmjs.org/debug/-/debug-4.3.4.tgz",
      "integrity": "sha512-PRWFHuSU3eDtQJPvnNY7Jcket1j0t5OuOsFzPPzsekD52Zl8qUfFIPEiswXqIvHWGVHOgX+7G/vCNNhehwxfkQ==",
      "dependencies": {
        "ms": "2.1.2"
      },
      "engines": {
        "node": ">=6.0"
      },
      "peerDependenciesMeta": {
        "supports-color": {
          "optional": true
        }
      }
    },
    "node_modules/detect-libc": {
      "version": "1.0.3",
      "resolved": "https://registry.npmjs.org/detect-libc/-/detect-libc-1.0.3.tgz",
      "integrity": "sha512-pGjwhsmsp4kL2RTz08wcOlGN83otlqHeD/Z5T8GXZB+/YcpQ/dgo+lbU8ZsGxV0HIvqqxo9l7mqYwyYMD9bKDg==",
      "bin": {
        "detect-libc": "bin/detect-libc.js"
      },
      "engines": {
        "node": ">=0.10"
      }
    },
    "node_modules/diff": {
      "version": "5.1.0",
      "resolved": "https://registry.npmjs.org/diff/-/diff-5.1.0.tgz",
      "integrity": "sha512-D+mk+qE8VC/PAUrlAU34N+VfXev0ghe5ywmpqrawphmVZc1bEfn56uo9qpyGp1p4xpzOHkSW4ztBd6L7Xx4ACw==",
      "engines": {
        "node": ">=0.3.1"
      }
    },
    "node_modules/lightningcss": {
      "version": "1.21.5",
      "resolved": "https://registry.npmjs.org/lightningcss/-/lightningcss-1.21.5.tgz",
      "integrity": "sha512-/pEUPeih2EwIx9n4T82aOG6CInN83tl/mWlw6B5gWLf36UplQi1L+5p3FUHsdt4fXVfOkkh9KIaM3owoq7ss8A==",
      "dependencies": {
        "detect-libc": "^1.0.3"
      },
      "engines": {
        "node": ">= 12.0.0"
      },
      "funding": {
        "type": "opencollective",
        "url": "https://opencollective.com/parcel"
      },
      "optionalDependencies": {
        "lightningcss-darwin-arm64": "1.21.5",
        "lightningcss-darwin-x64": "1.21.5",
        "lightningcss-linux-arm-gnueabihf": "1.21.5",
        "lightningcss-linux-arm64-gnu": "1.21.5",
        "lightningcss-linux-arm64-musl": "1.21.5",
        "lightningcss-linux-x64-gnu": "1.21.5",
        "lightningcss-linux-x64-musl": "1.21.5",
        "lightningcss-win32-x64-msvc": "1.21.5"
      }
    },
    "node_modules/lightningcss-darwin-arm64": {
      "version": "1.21.5",
      "resolved": "https://registry.npmjs.org/lightningcss-darwin-arm64/-/lightningcss-darwin-arm64-1.21.5.tgz",
      "integrity": "sha512-z05hyLX85WY0UfhkFUOrWEFqD69lpVAmgl3aDzMKlIZJGygbhbegqb4PV8qfUrKKNBauut/qVNPKZglhTaDDxA==",
      "cpu": [
        "arm64"
      ],
      "optional": true,
      "os": [
        "darwin"
      ],
      "engines": {
        "node": ">= 12.0.0"
      },
      "funding": {
        "type": "opencollective",
        "url": "https://opencollective.com/parcel"
      }
    },
    "node_modules/lightningcss-darwin-x64": {
      "version": "1.21.5",
      "resolved": "https://registry.npmjs.org/lightningcss-darwin-x64/-/lightningcss-darwin-x64-1.21.5.tgz",
      "integrity": "sha512-MSJhmej/U9MrdPxDk7+FWhO8+UqVoZUHG4VvKT5RQ4RJtqtANTiWiI97LvoVNMtdMnHaKs1Pkji6wHUFxjJsHQ==",
      "cpu": [
        "x64"
      ],
      "optional": true,
      "os": [
        "darwin"
      ],
      "engines": {
        "node": ">= 12.0.0"
      },
      "funding": {
        "type": "opencollective",
        "url": "https://opencollective.com/parcel"
      }
    },
    "node_modules/lightningcss-linux-arm-gnueabihf": {
      "version": "1.21.5",
      "resolved": "https://registry.npmjs.org/lightningcss-linux-arm-gnueabihf/-/lightningcss-linux-arm-gnueabihf-1.21.5.tgz",
      "integrity": "sha512-xN6+5/JsMrbZHL1lPl+MiNJ3Xza12ueBKPepiyDCFQzlhFRTj7D0LG+cfNTzPBTO8KcYQynLpl1iBB8LGp3Xtw==",
      "cpu": [
        "arm"
      ],
      "optional": true,
      "os": [
        "linux"
      ],
      "engines": {
        "node": ">= 12.0.0"
      },
      "funding": {
        "type": "opencollective",
        "url": "https://opencollective.com/parcel"
      }
    },
    "node_modules/lightningcss-linux-arm64-gnu": {
      "version": "1.21.5",
      "resolved": "https://registry.npmjs.org/lightningcss-linux-arm64-gnu/-/lightningcss-linux-arm64-gnu-1.21.5.tgz",
      "integrity": "sha512-KfzFNhC4XTbmG3ma/xcTs/IhCwieW89XALIusKmnV0N618ZDXEB0XjWOYQRCXeK9mfqPdbTBpurEHV/XZtkniQ==",
      "cpu": [
        "arm64"
      ],
      "optional": true,
      "os": [
        "linux"
      ],
      "engines": {
        "node": ">= 12.0.0"
      },
      "funding": {
        "type": "opencollective",
        "url": "https://opencollective.com/parcel"
      }
    },
    "node_modules/lightningcss-linux-arm64-musl": {
      "version": "1.21.5",
      "resolved": "https://registry.npmjs.org/lightningcss-linux-arm64-musl/-/lightningcss-linux-arm64-musl-1.21.5.tgz",
      "integrity": "sha512-bc0GytQO5Mn9QM6szaZ+31fQHNdidgpM1sSCwzPItz8hg3wOvKl8039rU0veMJV3ZgC9z0ypNRceLrSHeRHmXw==",
      "cpu": [
        "arm64"
      ],
      "optional": true,
      "os": [
        "linux"
      ],
      "engines": {
        "node": ">= 12.0.0"
      },
      "funding": {
        "type": "opencollective",
        "url": "https://opencollective.com/parcel"
      }
    },
    "node_modules/lightningcss-linux-x64-gnu": {
      "version": "1.21.5",
      "resolved": "https://registry.npmjs.org/lightningcss-linux-x64-gnu/-/lightningcss-linux-x64-gnu-1.21.5.tgz",
      "integrity": "sha512-JwMbgypPQgc2kW2av3OwzZ8cbrEuIiDiXPJdXRE6aVxu67yHauJawQLqJKTGUhiAhy6iLDG8Wg0a3/ziL+m+Kw==",
      "cpu": [
        "x64"
      ],
      "optional": true,
      "os": [
        "linux"
      ],
      "engines": {
        "node": ">= 12.0.0"
      },
      "funding": {
        "type": "opencollective",
        "url": "https://opencollective.com/parcel"
      }
    },
    "node_modules/lightningcss-linux-x64-musl": {
      "version": "1.21.5",
      "resolved": "https://registry.npmjs.org/lightningcss-linux-x64-musl/-/lightningcss-linux-x64-musl-1.21.5.tgz",
      "integrity": "sha512-Ib8b6IQ/OR/VrPU6YBgy4T3QnuHY7DUa95O+nz+cwrTkMSN6fuHcTcIaz4t8TJ6HI5pl3uxUOZjmtls2pyQWow==",
      "cpu": [
        "x64"
      ],
      "optional": true,
      "os": [
        "linux"
      ],
      "engines": {
        "node": ">= 12.0.0"
      },
      "funding": {
        "type": "opencollective",
        "url": "https://opencollective.com/parcel"
      }
    },
    "node_modules/lightningcss-win32-x64-msvc": {
      "version": "1.21.5",
      "resolved": "https://registry.npmjs.org/lightningcss-win32-x64-msvc/-/lightningcss-win32-x64-msvc-1.21.5.tgz",
      "integrity": "sha512-A8cSi8lUpBeVmoF+DqqW7cd0FemDbCuKr490IXdjyeI+KL8adpSKUs8tcqO0OXPh1EoDqK7JNkD/dELmd4Iz5g==",
      "cpu": [
        "x64"
      ],
      "optional": true,
      "os": [
        "win32"
      ],
      "engines": {
        "node": ">= 12.0.0"
      },
      "funding": {
        "type": "opencollective",
        "url": "https://opencollective.com/parcel"
      }
    },
    "node_modules/ms": {
      "version": "2.1.2",
      "resolved": "https://registry.npmjs.org/ms/-/ms-2.1.2.tgz",
      "integrity": "sha512-sGkPx+VjMtmA6MX27oA4FBFELFCZZ4S4XqeGOXCv68tT+jb3vk/RyaKWP0PTKyWtmLSM0b+adUTEvbs1PEaH2w=="
    },
    "node_modules/source-map": {
      "version": "0.7.4",
      "resolved": "https://registry.npmjs.org/source-map/-/source-map-0.7.4.tgz",
      "integrity": "sha512-l3BikUxvPOcn5E74dZiq5BGsTb5yEwhaTSzccU6t4sDOH8NWJCstKO5QT2CvtFoK6F0saL7p9xHAqHOlCPJygA==",
      "engines": {
        "node": ">= 8"
      }
    },
    "node_modules/typescript": {
      "version": "5.1.6",
      "resolved": "https://registry.npmjs.org/typescript/-/typescript-5.1.6.tgz",
      "integrity": "sha512-zaWCozRZ6DLEWAWFrVDz1H6FVXzUSfTy5FUMWsQlU8Ym5JP9eO4xkTIROFCQvhQf61z6O/G6ugw3SgAnvvm+HA==",
      "dev": true,
      "bin": {
        "tsc": "bin/tsc",
        "tsserver": "bin/tsserver"
      },
      "engines": {
        "node": ">=14.17"
      }
    }
  },
  "dependencies": {
    "debug": {
      "version": "4.3.4",
      "resolved": "https://registry.npmjs.org/debug/-/debug-4.3.4.tgz",
      "integrity": "sha512-PRWFHuSU3eDtQJPvnNY7Jcket1j0t5OuOsFzPPzsekD52Zl8qUfFIPEiswXqIvHWGVHOgX+7G/vCNNhehwxfkQ==",
      "requires": {
        "ms": "2.1.2"
      }
    },
    "detect-libc": {
      "version": "1.0.3",
      "resolved": "https://registry.npmjs.org/detect-libc/-/detect-libc-1.0.3.tgz",
      "integrity": "sha512-pGjwhsmsp4kL2RTz08wcOlGN83otlqHeD/Z5T8GXZB+/YcpQ/dgo+lbU8ZsGxV0HIvqqxo9l7mqYwyYMD9bKDg=="
    },
    "diff": {
      "version": "5.1.0",
      "resolved": "https://registry.npmjs.org/diff/-/diff-5.1.0.tgz",
      "integrity": "sha512-D+mk+qE8VC/PAUrlAU34N+VfXev0ghe5ywmpqrawphmVZc1bEfn56uo9qpyGp1p4xpzOHkSW4ztBd6L7Xx4ACw=="
    },
    "lightningcss": {
      "version": "1.21.5",
      "resolved": "https://registry.npmjs.org/lightningcss/-/lightningcss-1.21.5.tgz",
      "integrity": "sha512-/pEUPeih2EwIx9n4T82aOG6CInN83tl/mWlw6B5gWLf36UplQi1L+5p3FUHsdt4fXVfOkkh9KIaM3owoq7ss8A==",
      "requires": {
        "detect-libc": "^1.0.3",
        "lightningcss-darwin-arm64": "1.21.5",
        "lightningcss-darwin-x64": "1.21.5",
        "lightningcss-linux-arm-gnueabihf": "1.21.5",
        "lightningcss-linux-arm64-gnu": "1.21.5",
        "lightningcss-linux-arm64-musl": "1.21.5",
        "lightningcss-linux-x64-gnu": "1.21.5",
        "lightningcss-linux-x64-musl": "1.21.5",
        "lightningcss-win32-x64-msvc": "1.21.5"
      }
    },
    "lightningcss-darwin-arm64": {
      "version": "1.21.5",
      "resolved": "https://registry.npmjs.org/lightningcss-darwin-arm64/-/lightningcss-darwin-arm64-1.21.5.tgz",
      "integrity": "sha512-z05hyLX85WY0UfhkFUOrWEFqD69lpVAmgl3aDzMKlIZJGygbhbegqb4PV8qfUrKKNBauut/qVNPKZglhTaDDxA==",
      "optional": true
    },
    "lightningcss-darwin-x64": {
      "version": "1.21.5",
      "resolved": "https://registry.npmjs.org/lightningcss-darwin-x64/-/lightningcss-darwin-x64-1.21.5.tgz",
      "integrity": "sha512-MSJhmej/U9MrdPxDk7+FWhO8+UqVoZUHG4VvKT5RQ4RJtqtANTiWiI97LvoVNMtdMnHaKs1Pkji6wHUFxjJsHQ==",
      "optional": true
    },
    "lightningcss-linux-arm-gnueabihf": {
      "version": "1.21.5",
      "resolved": "https://registry.npmjs.org/lightningcss-linux-arm-gnueabihf/-/lightningcss-linux-arm-gnueabihf-1.21.5.tgz",
      "integrity": "sha512-xN6+5/JsMrbZHL1lPl+MiNJ3Xza12ueBKPepiyDCFQzlhFRTj7D0LG+cfNTzPBTO8KcYQynLpl1iBB8LGp3Xtw==",
      "optional": true
    },
    "lightningcss-linux-arm64-gnu": {
      "version": "1.21.5",
      "resolved": "https://registry.npmjs.org/lightningcss-linux-arm64-gnu/-/lightningcss-linux-arm64-gnu-1.21.5.tgz",
      "integrity": "sha512-KfzFNhC4XTbmG3ma/xcTs/IhCwieW89XALIusKmnV0N618ZDXEB0XjWOYQRCXeK9mfqPdbTBpurEHV/XZtkniQ==",
      "optional": true
    },
    "lightningcss-linux-arm64-musl": {
      "version": "1.21.5",
      "resolved": "https://registry.npmjs.org/lightningcss-linux-arm64-musl/-/lightningcss-linux-arm64-musl-1.21.5.tgz",
      "integrity": "sha512-bc0GytQO5Mn9QM6szaZ+31fQHNdidgpM1sSCwzPItz8hg3wOvKl8039rU0veMJV3ZgC9z0ypNRceLrSHeRHmXw==",
      "optional": true
    },
    "lightningcss-linux-x64-gnu": {
      "version": "1.21.5",
      "resolved": "https://registry.npmjs.org/lightningcss-linux-x64-gnu/-/lightningcss-linux-x64-gnu-1.21.5.tgz",
      "integrity": "sha512-JwMbgypPQgc2kW2av3OwzZ8cbrEuIiDiXPJdXRE6aVxu67yHauJawQLqJKTGUhiAhy6iLDG8Wg0a3/ziL+m+Kw==",
      "optional": true
    },
    "lightningcss-linux-x64-musl": {
      "version": "1.21.5",
      "resolved": "https://registry.npmjs.org/lightningcss-linux-x64-musl/-/lightningcss-linux-x64-musl-1.21.5.tgz",
      "integrity": "sha512-Ib8b6IQ/OR/VrPU6YBgy4T3QnuHY7DUa95O+nz+cwrTkMSN6fuHcTcIaz4t8TJ6HI5pl3uxUOZjmtls2pyQWow==",
      "optional": true
    },
    "lightningcss-win32-x64-msvc": {
      "version": "1.21.5",
      "resolved": "https://registry.npmjs.org/lightningcss-win32-x64-msvc/-/lightningcss-win32-x64-msvc-1.21.5.tgz",
      "integrity": "sha512-A8cSi8lUpBeVmoF+DqqW7cd0FemDbCuKr490IXdjyeI+KL8adpSKUs8tcqO0OXPh1EoDqK7JNkD/dELmd4Iz5g==",
      "optional": true
    },
    "ms": {
      "version": "2.1.2",
      "resolved": "https://registry.npmjs.org/ms/-/ms-2.1.2.tgz",
      "integrity": "sha512-sGkPx+VjMtmA6MX27oA4FBFELFCZZ4S4XqeGOXCv68tT+jb3vk/RyaKWP0PTKyWtmLSM0b+adUTEvbs1PEaH2w=="
    },
    "source-map": {
      "version": "0.7.4",
      "resolved": "https://registry.npmjs.org/source-map/-/source-map-0.7.4.tgz",
      "integrity": "sha512-l3BikUxvPOcn5E74dZiq5BGsTb5yEwhaTSzccU6t4sDOH8NWJCstKO5QT2CvtFoK6F0saL7p9xHAqHOlCPJygA=="
    },
    "typescript": {
      "version": "5.1.6",
      "resolved": "https://registry.npmjs.org/typescript/-/typescript-5.1.6.tgz",
      "integrity": "sha512-zaWCozRZ6DLEWAWFrVDz1H6FVXzUSfTy5FUMWsQlU8Ym5JP9eO4xkTIROFCQvhQf61z6O/G6ugw3SgAnvvm+HA==",
      "dev": true
    }
  }
}
